
Microsoft Visual Studio Solution File, Format Version 12.00
# Visual Studio Version 17
VisualStudioVersion = 17.10.34916.146
MinimumVisualStudioVersion = 10.0.40219.1
Project("{FAE04EC0-301F-11D3-BF4B-00C04F79EFBC}") = "C#_SoNguyenToNhoHonN", "C#_SoNguyenToNhoHonN.csproj", "{C6770576-9462-4876-B502-D6D4E68ABA4E}"
EndProject
Global
	GlobalSection(SolutionConfigurationPlatforms) = preSolution
		Debug|Any CPU = Debug|Any CPU
		Release|Any CPU = Release|Any CPU
	EndGlobalSection
	GlobalSection(ProjectConfigurationPlatforms) = postSolution
		{C6770576-9462-4876-B502-D6D4E68ABA4E}.Debug|Any CPU.ActiveCfg = Debug|Any CPU
		{C6770576-9462-4876-B502-D6D4E68ABA4E}.Debug|Any CPU.Build.0 = Debug|Any CPU
		{C6770576-9462-4876-B502-D6D4E68ABA4E}.Release|Any CPU.ActiveCfg = Release|Any CPU
		{C6770576-9462-4876-B502-D6D4E68ABA4E}.Release|Any CPU.Build.0 = Release|Any CPU
	EndGlobalSection
	GlobalSection(SolutionProperties) = preSolution
		HideSolutionNode = FALSE
	EndGlobalSection
	GlobalSection(ExtensibilityGlobals) = postSolution
		SolutionGuid = {2DF07C74-2B8C-4098-B1AC-7C39F5CEC915}
	EndGlobalSection
EndGlobal
